
Microsoft Visual Studio Solution File, Format Version 12.00
# Visual Studio Version 16
VisualStudioVersion = 16.0.32510.428
MinimumVisualStudioVersion = 10.0.40219.1
Project("{FAE04EC0-301F-11D3-BF4B-00C04F79EFBC}") = "WindowsFormsApp2", "WindowsFormsApp2\WindowsFormsApp2.csproj", "{E1A31465-D0FA-4F31-B740-412400A36BA3}"
EndProject
Project("{FAE04EC0-301F-11D3-BF4B-00C04F79EFBC}") = "UCLib", "UCLib\UCLib.csproj", "{D112435F-E120-4209-B4F2-41609CBA22DD}"
EndProject
Project("{FAE04EC0-301F-11D3-BF4B-00C04F79EFBC}") = "FuncToolLib", "FuncToolLib\FuncToolLib.csproj", "{A054CA65-812C-48B4-AE67-0D9A64A6DF6B}"
EndProject
Project("{FAE04EC0-301F-11D3-BF4B-00C04F79EFBC}") = "ParamDataLib", "ParamDataLib\ParamDataLib.csproj", "{1EA4AA88-0F9B-49A4-894F-9219B433F6AE}"
EndProject
Project("{FAE04EC0-301F-11D3-BF4B-00C04F79EFBC}") = "DeviceLib", "DeviceLib\DeviceLib.csproj", "{0596EE9D-F313-4E85-8177-69223168A1B3}"
EndProject
Project("{FAE04EC0-301F-11D3-BF4B-00C04F79EFBC}") = "visionForm", "visionForm\visionForm.csproj", "{A4F0AB3F-1ABF-4C80-828D-26DF1CC1628D}"
EndProject
Project("{FAE04EC0-301F-11D3-BF4B-00C04F79EFBC}") = "WindowsFormsApp1", "WindowsFormsApp1\WindowsFormsApp1.csproj", "{E40CA768-E470-4C14-B20A-1CC681E80CB0}"
EndProject
Project("{FAE04EC0-301F-11D3-BF4B-00C04F79EFBC}") = "pictureboxTest", "pictureboxTest\pictureboxTest.csproj", "{29FB7857-7589-46C9-8498-840EC2859F1E}"
EndProject
Project("{FAE04EC0-301F-11D3-BF4B-00C04F79EFBC}") = "VisionShowLib", "VisionShowLib\VisionShowLib.csproj", "{7F89F40B-B0BE-472E-8BC9-DFC79C37B573}"
EndProject
Project("{8BC9CEB8-8B4A-11D0-8D11-00A0C91BC942}") = "Dll1", "Dll1\Dll1.vcxproj", "{251B830C-846C-463C-B84D-1C8A0D3FE70F}"
EndProject
Global
	GlobalSection(SolutionConfigurationPlatforms) = preSolution
		Debug|Any CPU = Debug|Any CPU
		Debug|x64 = Debug|x64
		Debug|x86 = Debug|x86
		Release|Any CPU = Release|Any CPU
		Release|x64 = Release|x64
		Release|x86 = Release|x86
	EndGlobalSection
	GlobalSection(ProjectConfigurationPlatforms) = postSolution
		{E1A31465-D0FA-4F31-B740-412400A36BA3}.Debug|Any CPU.ActiveCfg = Debug|Any CPU
		{E1A31465-D0FA-4F31-B740-412400A36BA3}.Debug|Any CPU.Build.0 = Debug|Any CPU
		{E1A31465-D0FA-4F31-B740-412400A36BA3}.Debug|x64.ActiveCfg = Debug|Any CPU
		{E1A31465-D0FA-4F31-B740-412400A36BA3}.Debug|x64.Build.0 = Debug|Any CPU
		{E1A31465-D0FA-4F31-B740-412400A36BA3}.Debug|x86.ActiveCfg = Debug|Any CPU
		{E1A31465-D0FA-4F31-B740-412400A36BA3}.Debug|x86.Build.0 = Debug|Any CPU
		{E1A31465-D0FA-4F31-B740-412400A36BA3}.Release|Any CPU.ActiveCfg = Release|Any CPU
		{E1A31465-D0FA-4F31-B740-412400A36BA3}.Release|Any CPU.Build.0 = Release|Any CPU
		{E1A31465-D0FA-4F31-B740-412400A36BA3}.Release|x64.ActiveCfg = Release|Any CPU
		{E1A31465-D0FA-4F31-B740-412400A36BA3}.Release|x64.Build.0 = Release|Any CPU
		{E1A31465-D0FA-4F31-B740-412400A36BA3}.Release|x86.ActiveCfg = Release|Any CPU
		{E1A31465-D0FA-4F31-B740-412400A36BA3}.Release|x86.Build.0 = Release|Any CPU
		{D112435F-E120-4209-B4F2-41609CBA22DD}.Debug|Any CPU.ActiveCfg = Debug|Any CPU
		{D112435F-E120-4209-B4F2-41609CBA22DD}.Debug|Any CPU.Build.0 = Debug|Any CPU
		{D112435F-E120-4209-B4F2-41609CBA22DD}.Debug|x64.ActiveCfg = Debug|Any CPU
		{D112435F-E120-4209-B4F2-41609CBA22DD}.Debug|x64.Build.0 = Debug|Any CPU
		{D112435F-E120-4209-B4F2-41609CBA22DD}.Debug|x86.ActiveCfg = Debug|Any CPU
		{D112435F-E120-4209-B4F2-41609CBA22DD}.Debug|x86.Build.0 = Debug|Any CPU
		{D112435F-E120-4209-B4F2-41609CBA22DD}.Release|Any CPU.ActiveCfg = Release|Any CPU
		{D112435F-E120-4209-B4F2-41609CBA22DD}.Release|Any CPU.Build.0 = Release|Any CPU
		{D112435F-E120-4209-B4F2-41609CBA22DD}.Release|x64.ActiveCfg = Release|Any CPU
		{D112435F-E120-4209-B4F2-41609CBA22DD}.Release|x64.Build.0 = Release|Any CPU
		{D112435F-E120-4209-B4F2-41609CBA22DD}.Release|x86.ActiveCfg = Release|Any CPU
		{D112435F-E120-4209-B4F2-41609CBA22DD}.Release|x86.Build.0 = Release|Any CPU
		{A054CA65-812C-48B4-AE67-0D9A64A6DF6B}.Debug|Any CPU.ActiveCfg = Debug|Any CPU
		{A054CA65-812C-48B4-AE67-0D9A64A6DF6B}.Debug|Any CPU.Build.0 = Debug|Any CPU
		{A054CA65-812C-48B4-AE67-0D9A64A6DF6B}.Debug|x64.ActiveCfg = Debug|Any CPU
		{A054CA65-812C-48B4-AE67-0D9A64A6DF6B}.Debug|x64.Build.0 = Debug|Any CPU
		{A054CA65-812C-48B4-AE67-0D9A64A6DF6B}.Debug|x86.ActiveCfg = Debug|Any CPU
		{A054CA65-812C-48B4-AE67-0D9A64A6DF6B}.Debug|x86.Build.0 = Debug|Any CPU
		{A054CA65-812C-48B4-AE67-0D9A64A6DF6B}.Release|Any CPU.ActiveCfg = Release|Any CPU
		{A054CA65-812C-48B4-AE67-0D9A64A6DF6B}.Release|Any CPU.Build.0 = Release|Any CPU
		{A054CA65-812C-48B4-AE67-0D9A64A6DF6B}.Release|x64.ActiveCfg = Release|Any CPU
		{A054CA65-812C-48B4-AE67-0D9A64A6DF6B}.Release|x64.Build.0 = Release|Any CPU
		{A054CA65-812C-48B4-AE67-0D9A64A6DF6B}.Release|x86.ActiveCfg = Release|Any CPU
		{A054CA65-812C-48B4-AE67-0D9A64A6DF6B}.Release|x86.Build.0 = Release|Any CPU
		{1EA4AA88-0F9B-49A4-894F-9219B433F6AE}.Debug|Any CPU.ActiveCfg = Debug|Any CPU
		{1EA4AA88-0F9B-49A4-894F-9219B433F6AE}.Debug|Any CPU.Build.0 = Debug|Any CPU
		{1EA4AA88-0F9B-49A4-894F-9219B433F6AE}.Debug|x64.ActiveCfg = Debug|Any CPU
		{1EA4AA88-0F9B-49A4-894F-9219B433F6AE}.Debug|x64.Build.0 = Debug|Any CPU
		{1EA4AA88-0F9B-49A4-894F-9219B433F6AE}.Debug|x86.ActiveCfg = Debug|Any CPU
		{1EA4AA88-0F9B-49A4-894F-9219B433F6AE}.Debug|x86.Build.0 = Debug|Any CPU
		{1EA4AA88-0F9B-49A4-894F-9219B433F6AE}.Release|Any CPU.ActiveCfg = Release|Any CPU
		{1EA4AA88-0F9B-49A4-894F-9219B433F6AE}.Release|Any CPU.Build.0 = Release|Any CPU
		{1EA4AA88-0F9B-49A4-894F-9219B433F6AE}.Release|x64.ActiveCfg = Release|Any CPU
		{1EA4AA88-0F9B-49A4-894F-9219B433F6AE}.Release|x64.Build.0 = Release|Any CPU
		{1EA4AA88-0F9B-49A4-894F-9219B433F6AE}.Release|x86.ActiveCfg = Release|Any CPU
		{1EA4AA88-0F9B-49A4-894F-9219B433F6AE}.Release|x86.Build.0 = Release|Any CPU
		{0596EE9D-F313-4E85-8177-69223168A1B3}.Debug|Any CPU.ActiveCfg = Debug|Any CPU
		{0596EE9D-F313-4E85-8177-69223168A1B3}.Debug|Any CPU.Build.0 = Debug|Any CPU
		{0596EE9D-F313-4E85-8177-69223168A1B3}.Debug|x64.ActiveCfg = Debug|Any CPU
		{0596EE9D-F313-4E85-8177-69223168A1B3}.Debug|x64.Build.0 = Debug|Any CPU
		{0596EE9D-F313-4E85-8177-69223168A1B3}.Debug|x86.ActiveCfg = Debug|Any CPU
		{0596EE9D-F313-4E85-8177-69223168A1B3}.Debug|x86.Build.0 = Debug|Any CPU
		{0596EE9D-F313-4E85-8177-69223168A1B3}.Release|Any CPU.ActiveCfg = Release|Any CPU
		{0596EE9D-F313-4E85-8177-69223168A1B3}.Release|Any CPU.Build.0 = Release|Any CPU
		{0596EE9D-F313-4E85-8177-69223168A1B3}.Release|x64.ActiveCfg = Release|Any CPU
		{0596EE9D-F313-4E85-8177-69223168A1B3}.Release|x64.Build.0 = Release|Any CPU
		{0596EE9D-F313-4E85-8177-69223168A1B3}.Release|x86.ActiveCfg = Release|Any CPU
		{0596EE9D-F313-4E85-8177-69223168A1B3}.Release|x86.Build.0 = Release|Any CPU
		{A4F0AB3F-1ABF-4C80-828D-26DF1CC1628D}.Debug|Any CPU.ActiveCfg = Debug|Any CPU
		{A4F0AB3F-1ABF-4C80-828D-26DF1CC1628D}.Debug|Any CPU.Build.0 = Debug|Any CPU
		{A4F0AB3F-1ABF-4C80-828D-26DF1CC1628D}.Debug|x64.ActiveCfg = Debug|Any CPU
		{A4F0AB3F-1ABF-4C80-828D-26DF1CC1628D}.Debug|x64.Build.0 = Debug|Any CPU
		{A4F0AB3F-1ABF-4C80-828D-26DF1CC1628D}.Debug|x86.ActiveCfg = Debug|Any CPU
		{A4F0AB3F-1ABF-4C80-828D-26DF1CC1628D}.Debug|x86.Build.0 = Debug|Any CPU
		{A4F0AB3F-1ABF-4C80-828D-26DF1CC1628D}.Release|Any CPU.ActiveCfg = Release|Any CPU
		{A4F0AB3F-1ABF-4C80-828D-26DF1CC1628D}.Release|Any CPU.Build.0 = Release|Any CPU
		{A4F0AB3F-1ABF-4C80-828D-26DF1CC1628D}.Release|x64.ActiveCfg = Release|Any CPU
		{A4F0AB3F-1ABF-4C80-828D-26DF1CC1628D}.Release|x64.Build.0 = Release|Any CPU
		{A4F0AB3F-1ABF-4C80-828D-26DF1CC1628D}.Release|x86.ActiveCfg = Release|Any CPU
		{A4F0AB3F-1ABF-4C80-828D-26DF1CC1628D}.Release|x86.Build.0 = Release|Any CPU
		{E40CA768-E470-4C14-B20A-1CC681E80CB0}.Debug|Any CPU.ActiveCfg = Debug|Any CPU
		{E40CA768-E470-4C14-B20A-1CC681E80CB0}.Debug|Any CPU.Build.0 = Debug|Any CPU
		{E40CA768-E470-4C14-B20A-1CC681E80CB0}.Debug|x64.ActiveCfg = Debug|Any CPU
		{E40CA768-E470-4C14-B20A-1CC681E80CB0}.Debug|x64.Build.0 = Debug|Any CPU
		{E40CA768-E470-4C14-B20A-1CC681E80CB0}.Debug|x86.ActiveCfg = Debug|Any CPU
		{E40CA768-E470-4C14-B20A-1CC681E80CB0}.Debug|x86.Build.0 = Debug|Any CPU
		{E40CA768-E470-4C14-B20A-1CC681E80CB0}.Release|Any CPU.ActiveCfg = Release|Any CPU
		{E40CA768-E470-4C14-B20A-1CC681E80CB0}.Release|Any CPU.Build.0 = Release|Any CPU
		{E40CA768-E470-4C14-B20A-1CC681E80CB0}.Release|x64.ActiveCfg = Release|Any CPU
		{E40CA768-E470-4C14-B20A-1CC681E80CB0}.Release|x64.Build.0 = Release|Any CPU
		{E40CA768-E470-4C14-B20A-1CC681E80CB0}.Release|x86.ActiveCfg = Release|Any CPU
		{E40CA768-E470-4C14-B20A-1CC681E80CB0}.Release|x86.Build.0 = Release|Any CPU
		{29FB7857-7589-46C9-8498-840EC2859F1E}.Debug|Any CPU.ActiveCfg = Debug|Any CPU
		{29FB7857-7589-46C9-8498-840EC2859F1E}.Debug|Any CPU.Build.0 = Debug|Any CPU
		{29FB7857-7589-46C9-8498-840EC2859F1E}.Debug|x64.ActiveCfg = Debug|Any CPU
		{29FB7857-7589-46C9-8498-840EC2859F1E}.Debug|x64.Build.0 = Debug|Any CPU
		{29FB7857-7589-46C9-8498-840EC2859F1E}.Debug|x86.ActiveCfg = Debug|Any CPU
		{29FB7857-7589-46C9-8498-840EC2859F1E}.Debug|x86.Build.0 = Debug|Any CPU
		{29FB7857-7589-46C9-8498-840EC2859F1E}.Release|Any CPU.ActiveCfg = Release|Any CPU
		{29FB7857-7589-46C9-8498-840EC2859F1E}.Release|Any CPU.Build.0 = Release|Any CPU
		{29FB7857-7589-46C9-8498-840EC2859F1E}.Release|x64.ActiveCfg = Release|Any CPU
		{29FB7857-7589-46C9-8498-840EC2859F1E}.Release|x64.Build.0 = Release|Any CPU
		{29FB7857-7589-46C9-8498-840EC2859F1E}.Release|x86.ActiveCfg = Release|Any CPU
		{29FB7857-7589-46C9-8498-840EC2859F1E}.Release|x86.Build.0 = Release|Any CPU
		{7F89F40B-B0BE-472E-8BC9-DFC79C37B573}.Debug|Any CPU.ActiveCfg = Debug|Any CPU
		{7F89F40B-B0BE-472E-8BC9-DFC79C37B573}.Debug|Any CPU.Build.0 = Debug|Any CPU
		{7F89F40B-B0BE-472E-8BC9-DFC79C37B573}.Debug|x64.ActiveCfg = Debug|Any CPU
		{7F89F40B-B0BE-472E-8BC9-DFC79C37B573}.Debug|x64.Build.0 = Debug|Any CPU
		{7F89F40B-B0BE-472E-8BC9-DFC79C37B573}.Debug|x86.ActiveCfg = Debug|Any CPU
		{7F89F40B-B0BE-472E-8BC9-DFC79C37B573}.Debug|x86.Build.0 = Debug|Any CPU
		{7F89F40B-B0BE-472E-8BC9-DFC79C37B573}.Release|Any CPU.ActiveCfg = Release|Any CPU
		{7F89F40B-B0BE-472E-8BC9-DFC79C37B573}.Release|Any CPU.Build.0 = Release|Any CPU
		{7F89F40B-B0BE-472E-8BC9-DFC79C37B573}.Release|x64.ActiveCfg = Release|Any CPU
		{7F89F40B-B0BE-472E-8BC9-DFC79C37B573}.Release|x64.Build.0 = Release|Any CPU
		{7F89F40B-B0BE-472E-8BC9-DFC79C37B573}.Release|x86.ActiveCfg = Release|Any CPU
		{7F89F40B-B0BE-472E-8BC9-DFC79C37B573}.Release|x86.Build.0 = Release|Any CPU
		{251B830C-846C-463C-B84D-1C8A0D3FE70F}.Debug|Any CPU.ActiveCfg = Debug|Win32
		{251B830C-846C-463C-B84D-1C8A0D3FE70F}.Debug|x64.ActiveCfg = Debug|x64
		{251B830C-846C-463C-B84D-1C8A0D3FE70F}.Debug|x64.Build.0 = Debug|x64
		{251B830C-846C-463C-B84D-1C8A0D3FE70F}.Debug|x86.ActiveCfg = Debug|Win32
		{251B830C-846C-463C-B84D-1C8A0D3FE70F}.Debug|x86.Build.0 = Debug|Win32
		{251B830C-846C-463C-B84D-1C8A0D3FE70F}.Release|Any CPU.ActiveCfg = Release|Win32
		{251B830C-846C-463C-B84D-1C8A0D3FE70F}.Release|x64.ActiveCfg = Release|x64
		{251B830C-846C-463C-B84D-1C8A0D3FE70F}.Release|x64.Build.0 = Release|x64
		{251B830C-846C-463C-B84D-1C8A0D3FE70F}.Release|x86.ActiveCfg = Release|Win32
		{251B830C-846C-463C-B84D-1C8A0D3FE70F}.Release|x86.Build.0 = Release|Win32
	EndGlobalSection
	GlobalSection(SolutionProperties) = preSolution
		HideSolutionNode = FALSE
	EndGlobalSection
	GlobalSection(ExtensibilityGlobals) = postSolution
		SolutionGuid = {55905982-A537-4336-BDD4-9057D081A421}
	EndGlobalSection
EndGlobal
